// !$*UTF8*$!
{
	archiveVersion = 1;
	classes = {
	};
	objectVersion = 46;
	objects = {

/* Begin PBXBuildFile section */
		9423D6E71F3A4A0C009F0249 /* AppDelegate.swift in Sources */ = {isa = PBXBuildFile; fileRef = 9423D6E61F3A4A0C009F0249 /* AppDelegate.swift */; };
		9423D6EB1F3A4A0D009F0249 /* Actions.sks in Resources */ = {isa = PBXBuildFile; fileRef = 9423D6EA1F3A4A0D009F0249 /* Actions.sks */; };
		9423D6ED1F3A4A0D009F0249 /* GameScene.swift in Sources */ = {isa = PBXBuildFile; fileRef = 9423D6EC1F3A4A0D009F0249 /* GameScene.swift */; };
		9423D6EF1F3A4A0D009F0249 /* GameViewController.swift in Sources */ = {isa = PBXBuildFile; fileRef = 9423D6EE1F3A4A0D009F0249 /* GameViewController.swift */; };
		9423D6F21F3A4A0D009F0249 /* Main.storyboard in Resources */ = {isa = PBXBuildFile; fileRef = 9423D6F01F3A4A0D009F0249 /* Main.storyboard */; };
		9423D6F41F3A4A0D009F0249 /* Assets.xcassets in Resources */ = {isa = PBXBuildFile; fileRef = 9423D6F31F3A4A0D009F0249 /* Assets.xcassets */; };
		9423D6F71F3A4A0D009F0249 /* LaunchScreen.storyboard in Resources */ = {isa = PBXBuildFile; fileRef = 9423D6F51F3A4A0D009F0249 /* LaunchScreen.storyboard */; };
		9423D6FF1F3A4B8D009F0249 /* CharacterCreatorViewController.swift in Sources */ = {isa = PBXBuildFile; fileRef = 9423D6FE1F3A4B8D009F0249 /* CharacterCreatorViewController.swift */; };
		9439AA8E1F3E228900B15555 /* GreenCryptViewController.swift in Sources */ = {isa = PBXBuildFile; fileRef = 9439AA8D1F3E228900B15555 /* GreenCryptViewController.swift */; };
		9439AA901F3E22B400B15555 /* CoffinRoomViewController.swift in Sources */ = {isa = PBXBuildFile; fileRef = 9439AA8F1F3E22B400B15555 /* CoffinRoomViewController.swift */; };
		948145821F3B82C4000F4BF3 /* PageOneViewController.swift in Sources */ = {isa = PBXBuildFile; fileRef = 948145811F3B82C4000F4BF3 /* PageOneViewController.swift */; };
		948145881F3BD895000F4BF3 /* PageTwoViewController.swift in Sources */ = {isa = PBXBuildFile; fileRef = 948145871F3BD895000F4BF3 /* PageTwoViewController.swift */; };
		9481458A1F3BD90C000F4BF3 /* PageThreeViewController.swift in Sources */ = {isa = PBXBuildFile; fileRef = 948145891F3BD90C000F4BF3 /* PageThreeViewController.swift */; };
		9481458C1F3BD97D000F4BF3 /* PhoneViewController.swift in Sources */ = {isa = PBXBuildFile; fileRef = 9481458B1F3BD97D000F4BF3 /* PhoneViewController.swift */; };
		9481458E1F3BD9D8000F4BF3 /* PageFourViewController.swift in Sources */ = {isa = PBXBuildFile; fileRef = 9481458D1F3BD9D8000F4BF3 /* PageFourViewController.swift */; };
		94F6499D1F3CDCEF00984E17 /* BasementMainViewController.swift in Sources */ = {isa = PBXBuildFile; fileRef = 94F6499C1F3CDCEF00984E17 /* BasementMainViewController.swift */; };
		94F649A11F3CDE9000984E17 /* DoorTwoViewController.swift in Sources */ = {isa = PBXBuildFile; fileRef = 94F649A01F3CDE9000984E17 /* DoorTwoViewController.swift */; };
		94F649A31F3CE04B00984E17 /* GovDoorTwoViewController.swift in Sources */ = {isa = PBXBuildFile; fileRef = 94F649A21F3CE04A00984E17 /* GovDoorTwoViewController.swift */; };
		94F649A61F3CE32700984E17 /* DoorOneViewController.swift in Sources */ = {isa = PBXBuildFile; fileRef = 94F649A51F3CE32700984E17 /* DoorOneViewController.swift */; };
		94F649A81F3CE42A00984E17 /* DoorThreeViewController.swift in Sources */ = {isa = PBXBuildFile; fileRef = 94F649A71F3CE42A00984E17 /* DoorThreeViewController.swift */; };
/* End PBXBuildFile section */

/* Begin PBXFileReference section */
		9423D6E31F3A4A0C009F0249 /* Final.app */ = {isa = PBXFileReference; explicitFileType = wrapper.application; includeInIndex = 0; path = Final.app; sourceTree = BUILT_PRODUCTS_DIR; };
		9423D6E61F3A4A0C009F0249 /* AppDelegate.swift */ = {isa = PBXFileReference; lastKnownFileType = sourcecode.swift; path = AppDelegate.swift; sourceTree = "<group>"; };
		9423D6EA1F3A4A0D009F0249 /* Actions.sks */ = {isa = PBXFileReference; lastKnownFileType = file.sks; path = Actions.sks; sourceTree = "<group>"; };
		9423D6EC1F3A4A0D009F0249 /* GameScene.swift */ = {isa = PBXFileReference; lastKnownFileType = sourcecode.swift; path = GameScene.swift; sourceTree = "<group>"; };
		9423D6EE1F3A4A0D009F0249 /* GameViewController.swift */ = {isa = PBXFileReference; lastKnownFileType = sourcecode.swift; path = GameViewController.swift; sourceTree = "<group>"; };
		9423D6F11F3A4A0D009F0249 /* Base */ = {isa = PBXFileReference; lastKnownFileType = file.storyboard; name = Base; path = Base.lproj/Main.storyboard; sourceTree = "<group>"; };
		9423D6F31F3A4A0D009F0249 /* Assets.xcassets */ = {isa = PBXFileReference; lastKnownFileType = folder.assetcatalog; path = Assets.xcassets; sourceTree = "<group>"; };
		9423D6F61F3A4A0D009F0249 /* Base */ = {isa = PBXFileReference; lastKnownFileType = file.storyboard; name = Base; path = Base.lproj/LaunchScreen.storyboard; sourceTree = "<group>"; };
		9423D6F81F3A4A0D009F0249 /* Info.plist */ = {isa = PBXFileReference; lastKnownFileType = text.plist.xml; path = Info.plist; sourceTree = "<group>"; };
		9423D6FE1F3A4B8D009F0249 /* CharacterCreatorViewController.swift */ = {isa = PBXFileReference; fileEncoding = 4; lastKnownFileType = sourcecode.swift; path = CharacterCreatorViewController.swift; sourceTree = "<group>"; };
		9439AA8D1F3E228900B15555 /* GreenCryptViewController.swift */ = {isa = PBXFileReference; fileEncoding = 4; lastKnownFileType = sourcecode.swift; path = GreenCryptViewController.swift; sourceTree = "<group>"; };
		9439AA8F1F3E22B400B15555 /* CoffinRoomViewController.swift */ = {isa = PBXFileReference; fileEncoding = 4; lastKnownFileType = sourcecode.swift; path = CoffinRoomViewController.swift; sourceTree = "<group>"; };
		948145811F3B82C4000F4BF3 /* PageOneViewController.swift */ = {isa = PBXFileReference; fileEncoding = 4; lastKnownFileType = sourcecode.swift; path = PageOneViewController.swift; sourceTree = "<group>"; };
		948145871F3BD895000F4BF3 /* PageTwoViewController.swift */ = {isa = PBXFileReference; fileEncoding = 4; lastKnownFileType = sourcecode.swift; name = PageTwoViewController.swift; path = ../PageTwoViewController.swift; sourceTree = "<group>"; };
		948145891F3BD90C000F4BF3 /* PageThreeViewController.swift */ = {isa = PBXFileReference; fileEncoding = 4; lastKnownFileType = sourcecode.swift; name = PageThreeViewController.swift; path = ../PageThreeViewController.swift; sourceTree = "<group>"; };
		9481458B1F3BD97D000F4BF3 /* PhoneViewController.swift */ = {isa = PBXFileReference; fileEncoding = 4; lastKnownFileType = sourcecode.swift; path = PhoneViewController.swift; sourceTree = "<group>"; };
		9481458D1F3BD9D8000F4BF3 /* PageFourViewController.swift */ = {isa = PBXFileReference; fileEncoding = 4; lastKnownFileType = sourcecode.swift; path = PageFourViewController.swift; sourceTree = "<group>"; };
		94F6499C1F3CDCEF00984E17 /* BasementMainViewController.swift */ = {isa = PBXFileReference; fileEncoding = 4; lastKnownFileType = sourcecode.swift; path = BasementMainViewController.swift; sourceTree = "<group>"; };
		94F649A01F3CDE9000984E17 /* DoorTwoViewController.swift */ = {isa = PBXFileReference; fileEncoding = 4; lastKnownFileType = sourcecode.swift; path = DoorTwoViewController.swift; sourceTree = "<group>"; };
		94F649A21F3CE04A00984E17 /* GovDoorTwoViewController.swift */ = {isa = PBXFileReference; fileEncoding = 4; lastKnownFileType = sourcecode.swift; path = GovDoorTwoViewController.swift; sourceTree = "<group>"; };
		94F649A51F3CE32700984E17 /* DoorOneViewController.swift */ = {isa = PBXFileReference; fileEncoding = 4; lastKnownFileType = sourcecode.swift; path = DoorOneViewController.swift; sourceTree = "<group>"; };
		94F649A71F3CE42A00984E17 /* DoorThreeViewController.swift */ = {isa = PBXFileReference; fileEncoding = 4; lastKnownFileType = sourcecode.swift; path = DoorThreeViewController.swift; sourceTree = "<group>"; };
/* End PBXFileReference section */

/* Begin PBXFrameworksBuildPhase section */
		9423D6E01F3A4A0C009F0249 /* Frameworks */ = {
			isa = PBXFrameworksBuildPhase;
			buildActionMask = 2147483647;
			files = (
			);
			runOnlyForDeploymentPostprocessing = 0;
		};
/* End PBXFrameworksBuildPhase section */

/* Begin PBXGroup section */
		9423D6DA1F3A4A0C009F0249 = {
			isa = PBXGroup;
			children = (
				9423D6E51F3A4A0C009F0249 /* Final */,
				9423D6E41F3A4A0C009F0249 /* Products */,
			);
			sourceTree = "<group>";
		};
		9423D6E41F3A4A0C009F0249 /* Products */ = {
			isa = PBXGroup;
			children = (
				9423D6E31F3A4A0C009F0249 /* Final.app */,
			);
			name = Products;
			sourceTree = "<group>";
		};
		9423D6E51F3A4A0C009F0249 /* Final */ = {
			isa = PBXGroup;
			children = (
				9423D6E61F3A4A0C009F0249 /* AppDelegate.swift */,
				9423D6EA1F3A4A0D009F0249 /* Actions.sks */,
				9423D6EC1F3A4A0D009F0249 /* GameScene.swift */,
				9423D6EE1F3A4A0D009F0249 /* GameViewController.swift */,
				9423D6FE1F3A4B8D009F0249 /* CharacterCreatorViewController.swift */,
				9423D6F01F3A4A0D009F0249 /* Main.storyboard */,
				94F6499E1F3CDD2400984E17 /* IntroViewControllers */,
				94F6499F1F3CDD4300984E17 /* GameplayViewControllers */,
				9423D6F31F3A4A0D009F0249 /* Assets.xcassets */,
				9423D6F51F3A4A0D009F0249 /* LaunchScreen.storyboard */,
				9423D6F81F3A4A0D009F0249 /* Info.plist */,
			);
			path = Final;
			sourceTree = "<group>";
		};
		94F6499E1F3CDD2400984E17 /* IntroViewControllers */ = {
			isa = PBXGroup;
			children = (
				948145811F3B82C4000F4BF3 /* PageOneViewController.swift */,
				948145871F3BD895000F4BF3 /* PageTwoViewController.swift */,
				948145891F3BD90C000F4BF3 /* PageThreeViewController.swift */,
				9481458B1F3BD97D000F4BF3 /* PhoneViewController.swift */,
				9481458D1F3BD9D8000F4BF3 /* PageFourViewController.swift */,
			);
			name = IntroViewControllers;
			sourceTree = "<group>";
		};
		94F6499F1F3CDD4300984E17 /* GameplayViewControllers */ = {
			isa = PBXGroup;
			children = (
				94F6499C1F3CDCEF00984E17 /* BasementMainViewController.swift */,
				94F649A51F3CE32700984E17 /* DoorOneViewController.swift */,
				94F649A01F3CDE9000984E17 /* DoorTwoViewController.swift */,
				94F649A21F3CE04A00984E17 /* GovDoorTwoViewController.swift */,
				94F649A71F3CE42A00984E17 /* DoorThreeViewController.swift */,
				9439AA8F1F3E22B400B15555 /* CoffinRoomViewController.swift */,
				9439AA8D1F3E228900B15555 /* GreenCryptViewController.swift */,
			);
			name = GameplayViewControllers;
			sourceTree = "<group>";
		};
/* End PBXGroup section */

/* Begin PBXNativeTarget section */
		9423D6E21F3A4A0C009F0249 /* Final */ = {
			isa = PBXNativeTarget;
			buildConfigurationList = 9423D6FB1F3A4A0D009F0249 /* Build configuration list for PBXNativeTarget "Final" */;
			buildPhases = (
				9423D6DF1F3A4A0C009F0249 /* Sources */,
				9423D6E01F3A4A0C009F0249 /* Frameworks */,
				9423D6E11F3A4A0C009F0249 /* Resources */,
			);
			buildRules = (
			);
			dependencies = (
			);
			name = Final;
			productName = Final;
			productReference = 9423D6E31F3A4A0C009F0249 /* Final.app */;
			productType = "com.apple.product-type.application";
		};
/* End PBXNativeTarget section */

/* Begin PBXProject section */
		9423D6DB1F3A4A0C009F0249 /* Project object */ = {
			isa = PBXProject;
			attributes = {
				LastSwiftUpdateCheck = 0830;
				LastUpgradeCheck = 0830;
				ORGANIZATIONNAME = "iD Tech";
				TargetAttributes = {
					9423D6E21F3A4A0C009F0249 = {
						CreatedOnToolsVersion = 8.3.1;
						DevelopmentTeam = 3L9UTQR92B;
						ProvisioningStyle = Automatic;
					};
				};
			};
			buildConfigurationList = 9423D6DE1F3A4A0C009F0249 /* Build configuration list for PBXProject "Detention" */;
			compatibilityVersion = "Xcode 3.2";
			developmentRegion = English;
			hasScannedForEncodings = 0;
			knownRegions = (
				en,
				Base,
			);
			mainGroup = 9423D6DA1F3A4A0C009F0249;
			productRefGroup = 9423D6E41F3A4A0C009F0249 /* Products */;
			projectDirPath = "";
			projectRoot = "";
			targets = (
				9423D6E21F3A4A0C009F0249 /* Final */,
			);
		};
/* End PBXProject section */

/* Begin PBXResourcesBuildPhase section */
		9423D6E11F3A4A0C009F0249 /* Resources */ = {
			isa = PBXResourcesBuildPhase;
			buildActionMask = 2147483647;
			files = (
				9423D6F21F3A4A0D009F0249 /* Main.storyboard in Resources */,
				9423D6F41F3A4A0D009F0249 /* Assets.xcassets in Resources */,
				9423D6F71F3A4A0D009F0249 /* LaunchScreen.storyboard in Resources */,
				9423D6EB1F3A4A0D009F0249 /* Actions.sks in Resources */,
			);
			runOnlyForDeploymentPostprocessing = 0;
		};
/* End PBXResourcesBuildPhase section */

/* Begin PBXSourcesBuildPhase section */
		9423D6DF1F3A4A0C009F0249 /* Sources */ = {
			isa = PBXSourcesBuildPhase;
			buildActionMask = 2147483647;
			files = (
				948145821F3B82C4000F4BF3 /* PageOneViewController.swift in Sources */,
				9481458A1F3BD90C000F4BF3 /* PageThreeViewController.swift in Sources */,
				94F649A31F3CE04B00984E17 /* GovDoorTwoViewController.swift in Sources */,
				9439AA8E1F3E228900B15555 /* GreenCryptViewController.swift in Sources */,
				9423D6ED1F3A4A0D009F0249 /* GameScene.swift in Sources */,
				9481458E1F3BD9D8000F4BF3 /* PageFourViewController.swift in Sources */,
				94F649A81F3CE42A00984E17 /* DoorThreeViewController.swift in Sources */,
				948145881F3BD895000F4BF3 /* PageTwoViewController.swift in Sources */,
				9423D6EF1F3A4A0D009F0249 /* GameViewController.swift in Sources */,
				9481458C1F3BD97D000F4BF3 /* PhoneViewController.swift in Sources */,
				9439AA901F3E22B400B15555 /* CoffinRoomViewController.swift in Sources */,
				9423D6E71F3A4A0C009F0249 /* AppDelegate.swift in Sources */,
				9423D6FF1F3A4B8D009F0249 /* CharacterCreatorViewController.swift in Sources */,
				94F649A61F3CE32700984E17 /* DoorOneViewController.swift in Sources */,
				94F6499D1F3CDCEF00984E17 /* BasementMainViewController.swift in Sources */,
				94F649A11F3CDE9000984E17 /* DoorTwoViewController.swift in Sources */,
			);
			runOnlyForDeploymentPostprocessing = 0;
		};
/* End PBXSourcesBuildPhase section */

/* Begin PBXVariantGroup section */
		9423D6F01F3A4A0D009F0249 /* Main.storyboard */ = {
			isa = PBXVariantGroup;
			children = (
				9423D6F11F3A4A0D009F0249 /* Base */,
			);
			name = Main.storyboard;
			sourceTree = "<group>";
		};
		9423D6F51F3A4A0D009F0249 /* LaunchScreen.storyboard */ = {
			isa = PBXVariantGroup;
			children = (
				9423D6F61F3A4A0D009F0249 /* Base */,
			);
			name = LaunchScreen.storyboard;
			sourceTree = "<group>";
		};
/* End PBXVariantGroup section */

/* Begin XCBuildConfiguration section */
		9423D6F91F3A4A0D009F0249 /* Debug */ = {
			isa = XCBuildConfiguration;
			buildSettings = {
				ALWAYS_SEARCH_USER_PATHS = NO;
				CLANG_ANALYZER_NONNULL = YES;
				CLANG_ANALYZER_NUMBER_OBJECT_CONVERSION = YES_AGGRESSIVE;
				CLANG_CXX_LANGUAGE_STANDARD = "gnu++0x";
				CLANG_CXX_LIBRARY = "libc++";
				CLANG_ENABLE_MODULES = YES;
				CLANG_ENABLE_OBJC_ARC = YES;
				CLANG_WARN_BOOL_CONVERSION = YES;
				CLANG_WARN_CONSTANT_CONVERSION = YES;
				CLANG_WARN_DIRECT_OBJC_ISA_USAGE = YES_ERROR;
				CLANG_WARN_DOCUMENTATION_COMMENTS = YES;
				CLANG_WARN_EMPTY_BODY = YES;
				CLANG_WARN_ENUM_CONVERSION = YES;
				CLANG_WARN_INFINITE_RECURSION = YES;
				CLANG_WARN_INT_CONVERSION = YES;
				CLANG_WARN_OBJC_ROOT_CLASS = YES_ERROR;
				CLANG_WARN_SUSPICIOUS_MOVE = YES;
				CLANG_WARN_UNREACHABLE_CODE = YES;
				CLANG_WARN__DUPLICATE_METHOD_MATCH = YES;
				"CODE_SIGN_IDENTITY[sdk=iphoneos*]" = "iPhone Developer";
				COPY_PHASE_STRIP = NO;
				DEBUG_INFORMATION_FORMAT = dwarf;
				ENABLE_STRICT_OBJC_MSGSEND = YES;
				ENABLE_TESTABILITY = YES;
				GCC_C_LANGUAGE_STANDARD = gnu99;
				GCC_DYNAMIC_NO_PIC = NO;
				GCC_NO_COMMON_BLOCKS = YES;
				GCC_OPTIMIZATION_LEVEL = 0;
				GCC_PREPROCESSOR_DEFINITIONS = (
					"DEBUG=1",
					"$(inherited)",
				);
				GCC_WARN_64_TO_32_BIT_CONVERSION = YES;
				GCC_WARN_ABOUT_RETURN_TYPE = YES_ERROR;
				GCC_WARN_UNDECLARED_SELECTOR = YES;
				GCC_WARN_UNINITIALIZED_AUTOS = YES_AGGRESSIVE;
				GCC_WARN_UNUSED_FUNCTION = YES;
				GCC_WARN_UNUSED_VARIABLE = YES;
				IPHONEOS_DEPLOYMENT_TARGET = 10.3;
				MTL_ENABLE_DEBUG_INFO = YES;
				ONLY_ACTIVE_ARCH = YES;
				SDKROOT = iphoneos;
				SWIFT_ACTIVE_COMPILATION_CONDITIONS = DEBUG;
				SWIFT_OPTIMIZATION_LEVEL = "-Onone";
			};
			name = Debug;
		};
		9423D6FA1F3A4A0D009F0249 /* Release */ = {
			isa = XCBuildConfiguration;
			buildSettings = {
				ALWAYS_SEARCH_USER_PATHS = NO;
				CLANG_ANALYZER_NONNULL = YES;
				CLANG_ANALYZER_NUMBER_OBJECT_CONVERSION = YES_AGGRESSIVE;
				CLANG_CXX_LANGUAGE_STANDARD = "gnu++0x";
				CLANG_CXX_LIBRARY = "libc++";
				CLANG_ENABLE_MODULES = YES;
				CLANG_ENABLE_OBJC_ARC = YES;
				CLANG_WARN_BOOL_CONVERSION = YES;
				CLANG_WARN_CONSTANT_CONVERSION = YES;
				CLANG_WARN_DIRECT_OBJC_ISA_USAGE = YES_ERROR;
				CLANG_WARN_DOCUMENTATION_COMMENTS = YES;
				CLANG_WARN_EMPTY_BODY = YES;
				CLANG_WARN_ENUM_CONVERSION = YES;
				CLANG_WARN_INFINITE_RECURSION = YES;
				CLANG_WARN_INT_CONVERSION = YES;
				CLANG_WARN_OBJC_ROOT_CLASS = YES_ERROR;
				CLANG_WARN_SUSPICIOUS_MOVE = YES;
				CLANG_WARN_UNREACHABLE_CODE = YES;
				CLANG_WARN__DUPLICATE_METHOD_MATCH = YES;
				"CODE_SIGN_IDENTITY[sdk=iphoneos*]" = "iPhone Developer";
				COPY_PHASE_STRIP = NO;
				DEBUG_INFORMATION_FORMAT = "dwarf-with-dsym";
				ENABLE_NS_ASSERTIONS = NO;
				ENABLE_STRICT_OBJC_MSGSEND = YES;
				GCC_C_LANGUAGE_STANDARD = gnu99;
				GCC_NO_COMMON_BLOCKS = YES;
				GCC_WARN_64_TO_32_BIT_CONVERSION = YES;
				GCC_WARN_ABOUT_RETURN_TYPE = YES_ERROR;
				GCC_WARN_UNDECLARED_SELECTOR = YES;
				GCC_WARN_UNINITIALIZED_AUTOS = YES_AGGRESSIVE;
				GCC_WARN_UNUSED_FUNCTION = YES;
				GCC_WARN_UNUSED_VARIABLE = YES;
				IPHONEOS_DEPLOYMENT_TARGET = 10.3;
				MTL_ENABLE_DEBUG_INFO = NO;
				SDKROOT = iphoneos;
				SWIFT_OPTIMIZATION_LEVEL = "-Owholemodule";
				VALIDATE_PRODUCT = YES;
			};
			name = Release;
		};
		9423D6FC1F3A4A0D009F0249 /* Debug */ = {
			isa = XCBuildConfiguration;
			buildSettings = {
				ASSETCATALOG_COMPILER_APPICON_NAME = AppIcon;
				DEVELOPMENT_TEAM = 3L9UTQR92B;
				INFOPLIST_FILE = Final/Info.plist;
				IPHONEOS_DEPLOYMENT_TARGET = 10.3;
				LD_RUNPATH_SEARCH_PATHS = "$(inherited) @executable_path/Frameworks";
				PRODUCT_BUNDLE_IDENTIFIER = "com.iDTech.-Lina-.Final";
				PRODUCT_NAME = "$(TARGET_NAME)";
				SWIFT_VERSION = 3.0;
			};
			name = Debug;
		};
		9423D6FD1F3A4A0D009F0249 /* Release */ = {
			isa = XCBuildConfiguration;
			buildSettings = {
				ASSETCATALOG_COMPILER_APPICON_NAME = AppIcon;
				DEVELOPMENT_TEAM = 3L9UTQR92B;
				INFOPLIST_FILE = Final/Info.plist;
				IPHONEOS_DEPLOYMENT_TARGET = 10.3;
				LD_RUNPATH_SEARCH_PATHS = "$(inherited) @executable_path/Frameworks";
				PRODUCT_BUNDLE_IDENTIFIER = "com.iDTech.-Lina-.Final";
				PRODUCT_NAME = "$(TARGET_NAME)";
				SWIFT_VERSION = 3.0;
			};
			name = Release;
		};
/* End XCBuildConfiguration section */

/* Begin XCConfigurationList section */
		9423D6DE1F3A4A0C009F0249 /* Build configuration list for PBXProject "Detention" */ = {
			isa = XCConfigurationList;
			buildConfigurations = (
				9423D6F91F3A4A0D009F0249 /* Debug */,
				9423D6FA1F3A4A0D009F0249 /* Release */,
			);
			defaultConfigurationIsVisible = 0;
			defaultConfigurationName = Release;
		};
		9423D6FB1F3A4A0D009F0249 /* Build configuration list for PBXNativeTarget "Final" */ = {
			isa = XCConfigurationList;
			buildConfigurations = (
				9423D6FC1F3A4A0D009F0249 /* Debug */,
				9423D6FD1F3A4A0D009F0249 /* Release */,
			);
			defaultConfigurationIsVisible = 0;
			defaultConfigurationName = Release;
		};
/* End XCConfigurationList section */
	};
	rootObject = 9423D6DB1F3A4A0C009F0249 /* Project object */;
}
